
Microsoft Visual Studio Solution File, Format Version 12.00
# Visual Studio Version 17
VisualStudioVersion = 17.14.36401.2 d17.14
MinimumVisualStudioVersion = 10.0.40219.1
Project("{FAE04EC0-301F-11D3-BF4B-00C04F79EFBC}") = "BaiTap01_1", "BaiTap01_1\BaiTap01_1.csproj", "{B6387DF8-4956-443F-912E-6B467C54BA04}"
EndProject
Global
	GlobalSection(SolutionConfigurationPlatforms) = preSolution
		Debug|Any CPU = Debug|Any CPU
		Release|Any CPU = Release|Any CPU
	EndGlobalSection
	GlobalSection(ProjectConfigurationPlatforms) = postSolution
		{B6387DF8-4956-443F-912E-6B467C54BA04}.Debug|Any CPU.ActiveCfg = Debug|Any CPU
		{B6387DF8-4956-443F-912E-6B467C54BA04}.Debug|Any CPU.Build.0 = Debug|Any CPU
		{B6387DF8-4956-443F-912E-6B467C54BA04}.Release|Any CPU.ActiveCfg = Release|Any CPU
		{B6387DF8-4956-443F-912E-6B467C54BA04}.Release|Any CPU.Build.0 = Release|Any CPU
	EndGlobalSection
	GlobalSection(SolutionProperties) = preSolution
		HideSolutionNode = FALSE
	EndGlobalSection
	GlobalSection(ExtensibilityGlobals) = postSolution
		SolutionGuid = {A532D671-8617-4166-8392-E9947775F0F5}
	EndGlobalSection
EndGlobal
