
Microsoft Visual Studio Solution File, Format Version 12.00
# Visual Studio Version 17
VisualStudioVersion = 17.14.36401.2 d17.14
MinimumVisualStudioVersion = 10.0.40219.1
Project("{FAE04EC0-301F-11D3-BF4B-00C04F79EFBC}") = "BaiTap1_ChuongTrinhTinhSoNgayTrongThang", "BaiTap1_ChuongTrinhTinhSoNgayTrongThang\BaiTap1_ChuongTrinhTinhSoNgayTrongThang.csproj", "{C73B3E89-B572-4065-8573-0100FDEA6F74}"
EndProject
Global
	GlobalSection(SolutionConfigurationPlatforms) = preSolution
		Debug|Any CPU = Debug|Any CPU
		Release|Any CPU = Release|Any CPU
	EndGlobalSection
	GlobalSection(ProjectConfigurationPlatforms) = postSolution
		{C73B3E89-B572-4065-8573-0100FDEA6F74}.Debug|Any CPU.ActiveCfg = Debug|Any CPU
		{C73B3E89-B572-4065-8573-0100FDEA6F74}.Debug|Any CPU.Build.0 = Debug|Any CPU
		{C73B3E89-B572-4065-8573-0100FDEA6F74}.Release|Any CPU.ActiveCfg = Release|Any CPU
		{C73B3E89-B572-4065-8573-0100FDEA6F74}.Release|Any CPU.Build.0 = Release|Any CPU
	EndGlobalSection
	GlobalSection(SolutionProperties) = preSolution
		HideSolutionNode = FALSE
	EndGlobalSection
	GlobalSection(ExtensibilityGlobals) = postSolution
		SolutionGuid = {6D2D129F-E9A4-40D3-B1C1-B60CF8D6A4A5}
	EndGlobalSection
EndGlobal
