
Microsoft Visual Studio Solution File, Format Version 12.00
# Visual Studio Version 17
VisualStudioVersion = 17.14.36401.2 d17.14
MinimumVisualStudioVersion = 10.0.40219.1
Project("{FAE04EC0-301F-11D3-BF4B-00C04F79EFBC}") = "Bai1", "Bai1\Bai1.csproj", "{AE03A206-EC5D-46BA-9A15-084FC4519FAC}"
EndProject
Global
	GlobalSection(SolutionConfigurationPlatforms) = preSolution
		Debug|Any CPU = Debug|Any CPU
		Release|Any CPU = Release|Any CPU
	EndGlobalSection
	GlobalSection(ProjectConfigurationPlatforms) = postSolution
		{AE03A206-EC5D-46BA-9A15-084FC4519FAC}.Debug|Any CPU.ActiveCfg = Debug|Any CPU
		{AE03A206-EC5D-46BA-9A15-084FC4519FAC}.Debug|Any CPU.Build.0 = Debug|Any CPU
		{AE03A206-EC5D-46BA-9A15-084FC4519FAC}.Release|Any CPU.ActiveCfg = Release|Any CPU
		{AE03A206-EC5D-46BA-9A15-084FC4519FAC}.Release|Any CPU.Build.0 = Release|Any CPU
	EndGlobalSection
	GlobalSection(SolutionProperties) = preSolution
		HideSolutionNode = FALSE
	EndGlobalSection
	GlobalSection(ExtensibilityGlobals) = postSolution
		SolutionGuid = {A631D96A-ACEA-4415-846F-DC5B843E8050}
	EndGlobalSection
EndGlobal
