
Microsoft Visual Studio Solution File, Format Version 12.00
# Visual Studio Version 17
VisualStudioVersion = 17.14.36414.22 d17.14
MinimumVisualStudioVersion = 10.0.40219.1
Project("{FAE04EC0-301F-11D3-BF4B-00C04F79EFBC}") = "Mang1Chieu", "Mang1Chieu.csproj", "{46038DF1-9421-4BC1-822B-FF5AC81407E4}"
EndProject
Global
	GlobalSection(SolutionConfigurationPlatforms) = preSolution
		Debug|Any CPU = Debug|Any CPU
		Release|Any CPU = Release|Any CPU
	EndGlobalSection
	GlobalSection(ProjectConfigurationPlatforms) = postSolution
		{46038DF1-9421-4BC1-822B-FF5AC81407E4}.Debug|Any CPU.ActiveCfg = Debug|Any CPU
		{46038DF1-9421-4BC1-822B-FF5AC81407E4}.Debug|Any CPU.Build.0 = Debug|Any CPU
		{46038DF1-9421-4BC1-822B-FF5AC81407E4}.Release|Any CPU.ActiveCfg = Release|Any CPU
		{46038DF1-9421-4BC1-822B-FF5AC81407E4}.Release|Any CPU.Build.0 = Release|Any CPU
	EndGlobalSection
	GlobalSection(SolutionProperties) = preSolution
		HideSolutionNode = FALSE
	EndGlobalSection
	GlobalSection(ExtensibilityGlobals) = postSolution
		SolutionGuid = {0EA01870-16B7-4FCD-8F5D-E4A289E6934D}
	EndGlobalSection
EndGlobal
