
Microsoft Visual Studio Solution File, Format Version 12.00
# Visual Studio Version 17
VisualStudioVersion = 17.14.36401.2 d17.14
MinimumVisualStudioVersion = 10.0.40219.1
Project("{FAE04EC0-301F-11D3-BF4B-00C04F79EFBC}") = "BaiTap02", "BaiTap02\BaiTap02.csproj", "{624B0742-926B-4912-84ED-7A9883B44334}"
EndProject
Global
	GlobalSection(SolutionConfigurationPlatforms) = preSolution
		Debug|Any CPU = Debug|Any CPU
		Release|Any CPU = Release|Any CPU
	EndGlobalSection
	GlobalSection(ProjectConfigurationPlatforms) = postSolution
		{624B0742-926B-4912-84ED-7A9883B44334}.Debug|Any CPU.ActiveCfg = Debug|Any CPU
		{624B0742-926B-4912-84ED-7A9883B44334}.Debug|Any CPU.Build.0 = Debug|Any CPU
		{624B0742-926B-4912-84ED-7A9883B44334}.Release|Any CPU.ActiveCfg = Release|Any CPU
		{624B0742-926B-4912-84ED-7A9883B44334}.Release|Any CPU.Build.0 = Release|Any CPU
	EndGlobalSection
	GlobalSection(SolutionProperties) = preSolution
		HideSolutionNode = FALSE
	EndGlobalSection
	GlobalSection(ExtensibilityGlobals) = postSolution
		SolutionGuid = {D38134D1-B469-4B7E-9F4E-339D3AA7A641}
	EndGlobalSection
EndGlobal
