
Microsoft Visual Studio Solution File, Format Version 12.00
# Visual Studio Version 17
VisualStudioVersion = 17.14.36401.2 d17.14
MinimumVisualStudioVersion = 10.0.40219.1
Project("{FAE04EC0-301F-11D3-BF4B-00C04F79EFBC}") = "Bai11", "Bai11\Bai11.csproj", "{FBF42A38-ACD9-4109-86B2-39F747B6FDAD}"
EndProject
Global
	GlobalSection(SolutionConfigurationPlatforms) = preSolution
		Debug|Any CPU = Debug|Any CPU
		Release|Any CPU = Release|Any CPU
	EndGlobalSection
	GlobalSection(ProjectConfigurationPlatforms) = postSolution
		{FBF42A38-ACD9-4109-86B2-39F747B6FDAD}.Debug|Any CPU.ActiveCfg = Debug|Any CPU
		{FBF42A38-ACD9-4109-86B2-39F747B6FDAD}.Debug|Any CPU.Build.0 = Debug|Any CPU
		{FBF42A38-ACD9-4109-86B2-39F747B6FDAD}.Release|Any CPU.ActiveCfg = Release|Any CPU
		{FBF42A38-ACD9-4109-86B2-39F747B6FDAD}.Release|Any CPU.Build.0 = Release|Any CPU
	EndGlobalSection
	GlobalSection(SolutionProperties) = preSolution
		HideSolutionNode = FALSE
	EndGlobalSection
	GlobalSection(ExtensibilityGlobals) = postSolution
		SolutionGuid = {05000166-FBF9-49C4-938A-2DBEBC8A1C02}
	EndGlobalSection
EndGlobal
