
Microsoft Visual Studio Solution File, Format Version 12.00
# Visual Studio Version 17
VisualStudioVersion = 17.14.36401.2 d17.14
MinimumVisualStudioVersion = 10.0.40219.1
Project("{FAE04EC0-301F-11D3-BF4B-00C04F79EFBC}") = "Bai1_QuanLySinhVien", "Bai1_QuanLySinhVien\Bai1_QuanLySinhVien.csproj", "{84981F44-363A-432E-A35C-47603BD63B1E}"
EndProject
Global
	GlobalSection(SolutionConfigurationPlatforms) = preSolution
		Debug|Any CPU = Debug|Any CPU
		Release|Any CPU = Release|Any CPU
	EndGlobalSection
	GlobalSection(ProjectConfigurationPlatforms) = postSolution
		{84981F44-363A-432E-A35C-47603BD63B1E}.Debug|Any CPU.ActiveCfg = Debug|Any CPU
		{84981F44-363A-432E-A35C-47603BD63B1E}.Debug|Any CPU.Build.0 = Debug|Any CPU
		{84981F44-363A-432E-A35C-47603BD63B1E}.Release|Any CPU.ActiveCfg = Release|Any CPU
		{84981F44-363A-432E-A35C-47603BD63B1E}.Release|Any CPU.Build.0 = Release|Any CPU
	EndGlobalSection
	GlobalSection(SolutionProperties) = preSolution
		HideSolutionNode = FALSE
	EndGlobalSection
	GlobalSection(ExtensibilityGlobals) = postSolution
		SolutionGuid = {968F8B59-3976-48CA-8DD2-37EA13AF42E8}
	EndGlobalSection
EndGlobal
