
Microsoft Visual Studio Solution File, Format Version 12.00
# Visual Studio Version 17
VisualStudioVersion = 17.14.36401.2 d17.14
MinimumVisualStudioVersion = 10.0.40219.1
Project("{FAE04EC0-301F-11D3-BF4B-00C04F79EFBC}") = "BaiTap2_ChuongTrinhTinhTong", "BaiTap2_ChuongTrinhTinhTong\BaiTap2_ChuongTrinhTinhTong.csproj", "{9965D3FC-3712-4095-9CE2-9DD92E66C90D}"
EndProject
Global
	GlobalSection(SolutionConfigurationPlatforms) = preSolution
		Debug|Any CPU = Debug|Any CPU
		Release|Any CPU = Release|Any CPU
	EndGlobalSection
	GlobalSection(ProjectConfigurationPlatforms) = postSolution
		{9965D3FC-3712-4095-9CE2-9DD92E66C90D}.Debug|Any CPU.ActiveCfg = Debug|Any CPU
		{9965D3FC-3712-4095-9CE2-9DD92E66C90D}.Debug|Any CPU.Build.0 = Debug|Any CPU
		{9965D3FC-3712-4095-9CE2-9DD92E66C90D}.Release|Any CPU.ActiveCfg = Release|Any CPU
		{9965D3FC-3712-4095-9CE2-9DD92E66C90D}.Release|Any CPU.Build.0 = Release|Any CPU
	EndGlobalSection
	GlobalSection(SolutionProperties) = preSolution
		HideSolutionNode = FALSE
	EndGlobalSection
	GlobalSection(ExtensibilityGlobals) = postSolution
		SolutionGuid = {9C1AA0EA-89F6-4619-BBC6-7B621159FF62}
	EndGlobalSection
EndGlobal
