
Microsoft Visual Studio Solution File, Format Version 12.00
# Visual Studio Version 17
VisualStudioVersion = 17.14.36401.2 d17.14
MinimumVisualStudioVersion = 10.0.40219.1
Project("{FAE04EC0-301F-11D3-BF4B-00C04F79EFBC}") = "Bai1_QuanLySinhVien2", "Bai1_QuanLySinhVien2\Bai1_QuanLySinhVien2.csproj", "{A03EBA06-75FA-40F0-B577-08A1CAFA39BC}"
EndProject
Global
	GlobalSection(SolutionConfigurationPlatforms) = preSolution
		Debug|Any CPU = Debug|Any CPU
		Release|Any CPU = Release|Any CPU
	EndGlobalSection
	GlobalSection(ProjectConfigurationPlatforms) = postSolution
		{A03EBA06-75FA-40F0-B577-08A1CAFA39BC}.Debug|Any CPU.ActiveCfg = Debug|Any CPU
		{A03EBA06-75FA-40F0-B577-08A1CAFA39BC}.Debug|Any CPU.Build.0 = Debug|Any CPU
		{A03EBA06-75FA-40F0-B577-08A1CAFA39BC}.Release|Any CPU.ActiveCfg = Release|Any CPU
		{A03EBA06-75FA-40F0-B577-08A1CAFA39BC}.Release|Any CPU.Build.0 = Release|Any CPU
	EndGlobalSection
	GlobalSection(SolutionProperties) = preSolution
		HideSolutionNode = FALSE
	EndGlobalSection
	GlobalSection(ExtensibilityGlobals) = postSolution
		SolutionGuid = {E856B59C-0DB3-40D1-95C9-A364F826A79E}
	EndGlobalSection
EndGlobal
