
Microsoft Visual Studio Solution File, Format Version 12.00
# Visual Studio Version 17
VisualStudioVersion = 17.14.36401.2 d17.14
MinimumVisualStudioVersion = 10.0.40219.1
Project("{FAE04EC0-301F-11D3-BF4B-00C04F79EFBC}") = "BaiTap3_TinhToanTrenDaySo", "BaiTap3_TinhToanTrenDaySo\BaiTap3_TinhToanTrenDaySo.csproj", "{9DBAA7C1-AFE4-44B7-9F04-F73A34C92A61}"
EndProject
Global
	GlobalSection(SolutionConfigurationPlatforms) = preSolution
		Debug|Any CPU = Debug|Any CPU
		Release|Any CPU = Release|Any CPU
	EndGlobalSection
	GlobalSection(ProjectConfigurationPlatforms) = postSolution
		{9DBAA7C1-AFE4-44B7-9F04-F73A34C92A61}.Debug|Any CPU.ActiveCfg = Debug|Any CPU
		{9DBAA7C1-AFE4-44B7-9F04-F73A34C92A61}.Debug|Any CPU.Build.0 = Debug|Any CPU
		{9DBAA7C1-AFE4-44B7-9F04-F73A34C92A61}.Release|Any CPU.ActiveCfg = Release|Any CPU
		{9DBAA7C1-AFE4-44B7-9F04-F73A34C92A61}.Release|Any CPU.Build.0 = Release|Any CPU
	EndGlobalSection
	GlobalSection(SolutionProperties) = preSolution
		HideSolutionNode = FALSE
	EndGlobalSection
	GlobalSection(ExtensibilityGlobals) = postSolution
		SolutionGuid = {E3513F78-F6DD-4682-9090-147A8B4CB229}
	EndGlobalSection
EndGlobal
